lockfileVersion: '9.0'

settings:
  autoInstallPeers: true
  excludeLinksFromLockfile: false

importers:

  .:
    dependencies:
      left-pad:
        specifier: 1.2.0
        version: 1.2.0

packages:

  left-pad@1.2.0:
    resolution: {integrity: sha512-OQadpCyFCT/VLniZQgym8d3/ofIJtuZyw2ibsVeIUOexKgW/osn8+mMFJbwGMPeDC4GnLzD8q115WPCDx4YRWg==}
    deprecated: use String.prototype.padStart()

snapshots:

  left-pad@1.2.0: {}
